# This file is autogenerated, do not edit; changes may be undone by the next 'dep ensure'.


[[projects]]
  branch = "master"
  name = "github.com/hashicorp/errwrap"
  packages = ["."]
  revision = "7554cd9344cec97297fa6649b055a8c98c2a1e55"

[[projects]]
  branch = "master"
  name = "github.com/hashicorp/go-multierror"
  packages = ["."]
  revision = "b7773ae218740a7be65057fc60b366a49b538a44"

[[projects]]
  branch = "master"
  name = "github.com/hashicorp/hcl"
  packages = [
    ".",
    "hcl/ast",
    "hcl/parser",
    "hcl/scanner",
    "hcl/strconv",
    "hcl/token",
    "json/parser",
    "json/scanner",
    "json/token"
  ]
  revision = "f40e974e75af4e271d97ce0fc917af5898ae7bda"

[[projects]]
  branch = "master"
  name = "github.com/jsternberg/markdownfmt"
  packages = ["markdown"]
  revision = "c2a5702991e37f837f84104a79fa48fd215d0458"

[[projects]]
  name = "github.com/mattn/go-runewidth"
  packages = ["."]
  revision = "9e777a8366cce605130a531d2cd6363d07ad7317"
  version = "v0.0.2"

[[projects]]
  name = "github.com/segmentio/terraform-docs"
  packages = [
    "doc",
    "print"
  ]
  revision = "fd823bda37c8a31d470bfa00e5a907cda5240ff0"
  version = "v0.3.0"

[[projects]]
  branch = "master"
  name = "github.com/shurcooL/go"
  packages = ["indentwriter"]
  revision = "364c5ae8518b51f5fda954762864d6f4d5c30c89"

[[projects]]
  branch = "master"
  name = "github.com/shurcooL/sanitized_anchor_name"
  packages = ["."]
  revision = "86672fcb3f950f35f2e675df2240550f2a50762f"

[[projects]]
  name = "gopkg.in/russross/blackfriday.v2"
  packages = ["."]
  revision = "cadec560ec52d93835bf2f15bd794700d3a2473b"
  version = "v2.0.0"

[solve-meta]
  analyzer-name = "dep"
  analyzer-version = 1
  inputs-digest = "404a733790af786a9a098422e4b821fe1e85fbe786c3981c935300b891662ae0"
  solver-name = "gps-cdcl"
  solver-version = 1
